
Microsoft Visual Studio Solution File, Format Version 12.00
# Visual Studio Version 17
VisualStudioVersion = 17.11.35327.3
MinimumVisualStudioVersion = 10.0.40219.1
Project("{8BC9CEB8-8B4A-11D0-8D11-00A0C91BC942}") = "Live555WrapperAndroid", "Live555WrapperAndroid\Live555WrapperAndroid.vcxproj", "{6D0DA8AD-99AA-4904-941A-C17AA5D05566}"
EndProject
Global
	GlobalSection(SolutionConfigurationPlatforms) = preSolution
		Debug|ARM = Debug|ARM
		Debug|ARM64 = Debug|ARM64
		Debug|x64 = Debug|x64
		Debug|x86 = Debug|x86
		Release|ARM = Release|ARM
		Release|ARM64 = Release|ARM64
		Release|x64 = Release|x64
		Release|x86 = Release|x86
	EndGlobalSection
	GlobalSection(ProjectConfigurationPlatforms) = postSolution
		{6D0DA8AD-99AA-4904-941A-C17AA5D05566}.Debug|ARM.ActiveCfg = Debug|ARM
		{6D0DA8AD-99AA-4904-941A-C17AA5D05566}.Debug|ARM.Build.0 = Debug|ARM
		{6D0DA8AD-99AA-4904-941A-C17AA5D05566}.Debug|ARM64.ActiveCfg = Debug|ARM64
		{6D0DA8AD-99AA-4904-941A-C17AA5D05566}.Debug|ARM64.Build.0 = Debug|ARM64
		{6D0DA8AD-99AA-4904-941A-C17AA5D05566}.Debug|x64.ActiveCfg = Debug|x64
		{6D0DA8AD-99AA-4904-941A-C17AA5D05566}.Debug|x64.Build.0 = Debug|x64
		{6D0DA8AD-99AA-4904-941A-C17AA5D05566}.Debug|x86.ActiveCfg = Debug|x86
		{6D0DA8AD-99AA-4904-941A-C17AA5D05566}.Debug|x86.Build.0 = Debug|x86
		{6D0DA8AD-99AA-4904-941A-C17AA5D05566}.Release|ARM.ActiveCfg = Release|ARM
		{6D0DA8AD-99AA-4904-941A-C17AA5D05566}.Release|ARM.Build.0 = Release|ARM
		{6D0DA8AD-99AA-4904-941A-C17AA5D05566}.Release|ARM64.ActiveCfg = Release|ARM64
		{6D0DA8AD-99AA-4904-941A-C17AA5D05566}.Release|ARM64.Build.0 = Release|ARM64
		{6D0DA8AD-99AA-4904-941A-C17AA5D05566}.Release|x64.ActiveCfg = Release|x64
		{6D0DA8AD-99AA-4904-941A-C17AA5D05566}.Release|x64.Build.0 = Release|x64
		{6D0DA8AD-99AA-4904-941A-C17AA5D05566}.Release|x86.ActiveCfg = Release|x86
		{6D0DA8AD-99AA-4904-941A-C17AA5D05566}.Release|x86.Build.0 = Release|x86
	EndGlobalSection
	GlobalSection(SolutionProperties) = preSolution
		HideSolutionNode = FALSE
	EndGlobalSection
	GlobalSection(ExtensibilityGlobals) = postSolution
		SolutionGuid = {552D6BD4-FCC9-4951-BC90-354E9D9170CB}
	EndGlobalSection
EndGlobal
